
Microsoft Visual Studio Solution File, Format Version 12.00
# Visual Studio Version 17
VisualStudioVersion = 17.8.34330.188
MinimumVisualStudioVersion = 10.0.40219.1
Project("{FAE04EC0-301F-11D3-BF4B-00C04F79EFBC}") = "HW7", "HW7.csproj", "{DE6F7A75-DA9F-4A80-B8E0-6AA6C3F8914E}"
EndProject
Global
	GlobalSection(SolutionConfigurationPlatforms) = preSolution
		Debug|Any CPU = Debug|Any CPU
		Release|Any CPU = Release|Any CPU
	EndGlobalSection
	GlobalSection(ProjectConfigurationPlatforms) = postSolution
		{DE6F7A75-DA9F-4A80-B8E0-6AA6C3F8914E}.Debug|Any CPU.ActiveCfg = Debug|Any CPU
		{DE6F7A75-DA9F-4A80-B8E0-6AA6C3F8914E}.Debug|Any CPU.Build.0 = Debug|Any CPU
		{DE6F7A75-DA9F-4A80-B8E0-6AA6C3F8914E}.Release|Any CPU.ActiveCfg = Release|Any CPU
		{DE6F7A75-DA9F-4A80-B8E0-6AA6C3F8914E}.Release|Any CPU.Build.0 = Release|Any CPU
	EndGlobalSection
	GlobalSection(SolutionProperties) = preSolution
		HideSolutionNode = FALSE
	EndGlobalSection
	GlobalSection(ExtensibilityGlobals) = postSolution
		SolutionGuid = {64967543-A5D0-4F04-B973-6907B474A4F5}
	EndGlobalSection
EndGlobal
