
Microsoft Visual Studio Solution File, Format Version 12.00
# Visual Studio Version 17
VisualStudioVersion = 17.8.34330.188
MinimumVisualStudioVersion = 10.0.40219.1
Project("{FAE04EC0-301F-11D3-BF4B-00C04F79EFBC}") = "Delegat", "Delegat.csproj", "{82D8D98F-9BB4-4C09-9DD4-9ADDD54EB84B}"
EndProject
Global
	GlobalSection(SolutionConfigurationPlatforms) = preSolution
		Debug|Any CPU = Debug|Any CPU
		Release|Any CPU = Release|Any CPU
	EndGlobalSection
	GlobalSection(ProjectConfigurationPlatforms) = postSolution
		{82D8D98F-9BB4-4C09-9DD4-9ADDD54EB84B}.Debug|Any CPU.ActiveCfg = Debug|Any CPU
		{82D8D98F-9BB4-4C09-9DD4-9ADDD54EB84B}.Debug|Any CPU.Build.0 = Debug|Any CPU
		{82D8D98F-9BB4-4C09-9DD4-9ADDD54EB84B}.Release|Any CPU.ActiveCfg = Release|Any CPU
		{82D8D98F-9BB4-4C09-9DD4-9ADDD54EB84B}.Release|Any CPU.Build.0 = Release|Any CPU
	EndGlobalSection
	GlobalSection(SolutionProperties) = preSolution
		HideSolutionNode = FALSE
	EndGlobalSection
	GlobalSection(ExtensibilityGlobals) = postSolution
		SolutionGuid = {367B14D4-A157-4F33-9EBD-9A15DAD0C0AB}
	EndGlobalSection
EndGlobal
